
Microsoft Visual Studio Solution File, Format Version 12.00
# Visual Studio Version 17
VisualStudioVersion = 17.3.32929.385
MinimumVisualStudioVersion = 10.0.40219.1
Project("{FAE04EC0-301F-11D3-BF4B-00C04F79EFBC}") = "VTT", "VTT\VTT.csproj", "{642E0FB0-9EFF-4725-AAE6-E012E16892C9}"
EndProject
Global
	GlobalSection(SolutionConfigurationPlatforms) = preSolution
		Debug|Any CPU = Debug|Any CPU
		Release|Any CPU = Release|Any CPU
	EndGlobalSection
	GlobalSection(ProjectConfigurationPlatforms) = postSolution
		{642E0FB0-9EFF-4725-AAE6-E012E16892C9}.Debug|Any CPU.ActiveCfg = Debug|Any CPU
		{642E0FB0-9EFF-4725-AAE6-E012E16892C9}.Debug|Any CPU.Build.0 = Debug|Any CPU
		{642E0FB0-9EFF-4725-AAE6-E012E16892C9}.Release|Any CPU.ActiveCfg = Release|Any CPU
		{642E0FB0-9EFF-4725-AAE6-E012E16892C9}.Release|Any CPU.Build.0 = Release|Any CPU
	EndGlobalSection
	GlobalSection(SolutionProperties) = preSolution
		HideSolutionNode = FALSE
	EndGlobalSection
	GlobalSection(ExtensibilityGlobals) = postSolution
		SolutionGuid = {BD3375FE-8F34-4368-9EF5-3D01280DC473}
	EndGlobalSection
EndGlobal
